
Microsoft Visual Studio Solution File, Format Version 12.00
# Visual Studio 15
VisualStudioVersion = 15.0.27428.2015
MinimumVisualStudioVersion = 10.0.40219.1
Project("{FAE04EC0-301F-11D3-BF4B-00C04F79EFBC}") = "MvcMovie", "MvcMovie\MvcMovie.csproj", "{697443B3-B841-40F1-80E9-AF31C36ED361}"
EndProject
Global
	GlobalSection(SolutionConfigurationPlatforms) = preSolution
		Debug|Any CPU = Debug|Any CPU
		Release|Any CPU = Release|Any CPU
	EndGlobalSection
	GlobalSection(ProjectConfigurationPlatforms) = postSolution
		{697443B3-B841-40F1-80E9-AF31C36ED361}.Debug|Any CPU.ActiveCfg = Debug|Any CPU
		{697443B3-B841-40F1-80E9-AF31C36ED361}.Debug|Any CPU.Build.0 = Debug|Any CPU
		{697443B3-B841-40F1-80E9-AF31C36ED361}.Release|Any CPU.ActiveCfg = Release|Any CPU
		{697443B3-B841-40F1-80E9-AF31C36ED361}.Release|Any CPU.Build.0 = Release|Any CPU
	EndGlobalSection
	GlobalSection(SolutionProperties) = preSolution
		HideSolutionNode = FALSE
	EndGlobalSection
	GlobalSection(ExtensibilityGlobals) = postSolution
		SolutionGuid = {47C2558D-B26B-4F93-9C90-1BEADDEF72CC}
	EndGlobalSection
EndGlobal
